
Microsoft Visual Studio Solution File, Format Version 12.00
# Visual Studio Version 16
VisualStudioVersion = 16.0.28803.202
MinimumVisualStudioVersion = 10.0.40219.1
Project("{FAE04EC0-301F-11D3-BF4B-00C04F79EFBC}") = "MyCodedUITestProject2", "MyCodedUITestProject2\MyCodedUITestProject2.csproj", "{07935B24-5CF8-4119-87DE-ADA548E034BA}"
EndProject
Global
	GlobalSection(SolutionConfigurationPlatforms) = preSolution
		Debug|Any CPU = Debug|Any CPU
		Release|Any CPU = Release|Any CPU
	EndGlobalSection
	GlobalSection(ProjectConfigurationPlatforms) = postSolution
		{07935B24-5CF8-4119-87DE-ADA548E034BA}.Debug|Any CPU.ActiveCfg = Debug|Any CPU
		{07935B24-5CF8-4119-87DE-ADA548E034BA}.Debug|Any CPU.Build.0 = Debug|Any CPU
		{07935B24-5CF8-4119-87DE-ADA548E034BA}.Release|Any CPU.ActiveCfg = Release|Any CPU
		{07935B24-5CF8-4119-87DE-ADA548E034BA}.Release|Any CPU.Build.0 = Release|Any CPU
	EndGlobalSection
	GlobalSection(SolutionProperties) = preSolution
		HideSolutionNode = FALSE
	EndGlobalSection
	GlobalSection(ExtensibilityGlobals) = postSolution
		SolutionGuid = {6FAF164D-88AC-4AAA-B069-54FD66531275}
	EndGlobalSection
EndGlobal
