
Microsoft Visual Studio Solution File, Format Version 12.00
# Visual Studio Version 16
VisualStudioVersion = 16.0.28803.202
MinimumVisualStudioVersion = 10.0.40219.1
Project("{FAE04EC0-301F-11D3-BF4B-00C04F79EFBC}") = "BuildDemo2017", "BuildDemo2017\BuildDemo2017.csproj", "{20390371-1C41-40DE-9714-E2B50511BD8B}"
EndProject
Global
	GlobalSection(SolutionConfigurationPlatforms) = preSolution
		Debug|Any CPU = Debug|Any CPU
		Release|Any CPU = Release|Any CPU
	EndGlobalSection
	GlobalSection(ProjectConfigurationPlatforms) = postSolution
		{20390371-1C41-40DE-9714-E2B50511BD8B}.Debug|Any CPU.ActiveCfg = Debug|Any CPU
		{20390371-1C41-40DE-9714-E2B50511BD8B}.Debug|Any CPU.Build.0 = Debug|Any CPU
		{20390371-1C41-40DE-9714-E2B50511BD8B}.Release|Any CPU.ActiveCfg = Release|Any CPU
		{20390371-1C41-40DE-9714-E2B50511BD8B}.Release|Any CPU.Build.0 = Release|Any CPU
	EndGlobalSection
	GlobalSection(SolutionProperties) = preSolution
		HideSolutionNode = FALSE
	EndGlobalSection
	GlobalSection(ExtensibilityGlobals) = postSolution
		SolutionGuid = {54D24A83-F62A-4BE8-B830-166684AE0B7F}
	EndGlobalSection
EndGlobal
